
Microsoft Visual Studio Solution File, Format Version 12.00
# Visual Studio Version 16
VisualStudioVersion = 16.0.30320.27
MinimumVisualStudioVersion = 10.0.40219.1
Project("{FAE04EC0-301F-11D3-BF4B-00C04F79EFBC}") = "formtest", "formtest.csproj", "{A6122CBB-AE55-47F8-8DE7-670086B9073D}"
EndProject
Global
	GlobalSection(SolutionConfigurationPlatforms) = preSolution
		Debug|Any CPU = Debug|Any CPU
		Release|Any CPU = Release|Any CPU
	EndGlobalSection
	GlobalSection(ProjectConfigurationPlatforms) = postSolution
		{A6122CBB-AE55-47F8-8DE7-670086B9073D}.Debug|Any CPU.ActiveCfg = Debug|Any CPU
		{A6122CBB-AE55-47F8-8DE7-670086B9073D}.Debug|Any CPU.Build.0 = Debug|Any CPU
		{A6122CBB-AE55-47F8-8DE7-670086B9073D}.Release|Any CPU.ActiveCfg = Release|Any CPU
		{A6122CBB-AE55-47F8-8DE7-670086B9073D}.Release|Any CPU.Build.0 = Release|Any CPU
	EndGlobalSection
	GlobalSection(SolutionProperties) = preSolution
		HideSolutionNode = FALSE
	EndGlobalSection
	GlobalSection(ExtensibilityGlobals) = postSolution
		SolutionGuid = {BC6BC155-4607-4874-A958-F22484693304}
	EndGlobalSection
EndGlobal
